// !$*UTF8*$!
{
	archiveVersion = 1;
	classes = {
	};
	objectVersion = 46;
	objects = {

/* Begin PBXBuildFile section */
		E410629E1F6F285400401EC6 /* p2.c in Sources */ = {isa = PBXBuildFile; fileRef = E410629C1F6F285400401EC6 /* p2.c */; };
		E410629F1F6F287F00401EC6 /* p2.h in Sources */ = {isa = PBXBuildFile; fileRef = E410629D1F6F285400401EC6 /* p2.h */; };
		E41062AE1F6F296600401EC6 /* p2.c in Sources */ = {isa = PBXBuildFile; fileRef = E410629C1F6F285400401EC6 /* p2.c */; };
		E41062AF1F6F296600401EC6 /* p2.h in Sources */ = {isa = PBXBuildFile; fileRef = E410629D1F6F285400401EC6 /* p2.h */; };
/* End PBXBuildFile section */

/* Begin PBXCopyFilesBuildPhase section */
		E41062A31F6F295100401EC6 /* CopyFiles */ = {
			isa = PBXCopyFilesBuildPhase;
			buildActionMask = 2147483647;
			dstPath = "$(PRODUCT_NAME)";
			dstSubfolderSpec = 16;
			files = (
			);
			runOnlyForDeploymentPostprocessing = 0;
		};
/* End PBXCopyFilesBuildPhase section */

/* Begin PBXFileReference section */
		E41062931F6F283400401EC6 /* p2.bundle */ = {isa = PBXFileReference; explicitFileType = wrapper.cfbundle; includeInIndex = 0; path = p2.bundle; sourceTree = BUILT_PRODUCTS_DIR; };
		E41062961F6F283400401EC6 /* Info.plist */ = {isa = PBXFileReference; lastKnownFileType = text.plist.xml; path = Info.plist; sourceTree = "<group>"; };
		E410629C1F6F285400401EC6 /* p2.c */ = {isa = PBXFileReference; fileEncoding = 4; lastKnownFileType = sourcecode.c.c; name = p2.c; path = ../../p2.c; sourceTree = "<group>"; };
		E410629D1F6F285400401EC6 /* p2.h */ = {isa = PBXFileReference; fileEncoding = 4; lastKnownFileType = sourcecode.c.h; name = p2.h; path = ../../p2.h; sourceTree = "<group>"; };
		E41062A51F6F295100401EC6 /* libp2_iOS.a */ = {isa = PBXFileReference; explicitFileType = archive.ar; includeInIndex = 0; path = libp2_iOS.a; sourceTree = BUILT_PRODUCTS_DIR; };
/* End PBXFileReference section */

/* Begin PBXFrameworksBuildPhase section */
		E41062901F6F283400401EC6 /* Frameworks */ = {
			isa = PBXFrameworksBuildPhase;
			buildActionMask = 2147483647;
			files = (
			);
			runOnlyForDeploymentPostprocessing = 0;
		};
		E41062A21F6F295100401EC6 /* Frameworks */ = {
			isa = PBXFrameworksBuildPhase;
			buildActionMask = 2147483647;
			files = (
			);
			runOnlyForDeploymentPostprocessing = 0;
		};
/* End PBXFrameworksBuildPhase section */

/* Begin PBXGroup section */
		E410628A1F6F283400401EC6 = {
			isa = PBXGroup;
			children = (
				E410629C1F6F285400401EC6 /* p2.c */,
				E410629D1F6F285400401EC6 /* p2.h */,
				E41062951F6F283400401EC6 /* p2 */,
				E41062A61F6F295100401EC6 /* p2_iOS */,
				E41062941F6F283400401EC6 /* Products */,
			);
			sourceTree = "<group>";
		};
		E41062941F6F283400401EC6 /* Products */ = {
			isa = PBXGroup;
			children = (
				E41062931F6F283400401EC6 /* p2.bundle */,
				E41062A51F6F295100401EC6 /* libp2_iOS.a */,
			);
			name = Products;
			sourceTree = "<group>";
		};
		E41062951F6F283400401EC6 /* p2 */ = {
			isa = PBXGroup;
			children = (
				E41062961F6F283400401EC6 /* Info.plist */,
			);
			path = p2;
			sourceTree = "<group>";
		};
		E41062A61F6F295100401EC6 /* p2_iOS */ = {
			isa = PBXGroup;
			children = (
			);
			path = p2_iOS;
			sourceTree = "<group>";
		};
/* End PBXGroup section */

/* Begin PBXNativeTarget section */
		E41062921F6F283400401EC6 /* p2 */ = {
			isa = PBXNativeTarget;
			buildConfigurationList = E41062991F6F283400401EC6 /* Build configuration list for PBXNativeTarget "p2" */;
			buildPhases = (
				E410628F1F6F283400401EC6 /* Sources */,
				E41062901F6F283400401EC6 /* Frameworks */,
				E41062911F6F283400401EC6 /* Resources */,
			);
			buildRules = (
			);
			dependencies = (
			);
			name = p2;
			productName = p2;
			productReference = E41062931F6F283400401EC6 /* p2.bundle */;
			productType = "com.apple.product-type.bundle";
		};
		E41062A41F6F295100401EC6 /* p2_iOS */ = {
			isa = PBXNativeTarget;
			buildConfigurationList = E41062AB1F6F295100401EC6 /* Build configuration list for PBXNativeTarget "p2_iOS" */;
			buildPhases = (
				E41062A11F6F295100401EC6 /* Sources */,
				E41062A21F6F295100401EC6 /* Frameworks */,
				E41062A31F6F295100401EC6 /* CopyFiles */,
			);
			buildRules = (
			);
			dependencies = (
			);
			name = p2_iOS;
			productName = p2_iOS;
			productReference = E41062A51F6F295100401EC6 /* libp2_iOS.a */;
			productType = "com.apple.product-type.library.static";
		};
/* End PBXNativeTarget section */

/* Begin PBXProject section */
		E410628B1F6F283400401EC6 /* Project object */ = {
			isa = PBXProject;
			attributes = {
				LastUpgradeCheck = 0830;
				ORGANIZATIONNAME = "MIT Media Lab";
				TargetAttributes = {
					E41062921F6F283400401EC6 = {
						CreatedOnToolsVersion = 8.3.3;
						ProvisioningStyle = Automatic;
					};
					E41062A41F6F295100401EC6 = {
						CreatedOnToolsVersion = 8.3.3;
						ProvisioningStyle = Automatic;
					};
				};
			};
			buildConfigurationList = E410628E1F6F283400401EC6 /* Build configuration list for PBXProject "p2" */;
			compatibilityVersion = "Xcode 3.2";
			developmentRegion = English;
			hasScannedForEncodings = 0;
			knownRegions = (
				en,
			);
			mainGroup = E410628A1F6F283400401EC6;
			productRefGroup = E41062941F6F283400401EC6 /* Products */;
			projectDirPath = "";
			projectRoot = "";
			targets = (
				E41062921F6F283400401EC6 /* p2 */,
				E41062A41F6F295100401EC6 /* p2_iOS */,
			);
		};
/* End PBXProject section */

/* Begin PBXResourcesBuildPhase section */
		E41062911F6F283400401EC6 /* Resources */ = {
			isa = PBXResourcesBuildPhase;
			buildActionMask = 2147483647;
			files = (
			);
			runOnlyForDeploymentPostprocessing = 0;
		};
/* End PBXResourcesBuildPhase section */

/* Begin PBXSourcesBuildPhase section */
		E410628F1F6F283400401EC6 /* Sources */ = {
			isa = PBXSourcesBuildPhase;
			buildActionMask = 2147483647;
			files = (
				E410629F1F6F287F00401EC6 /* p2.h in Sources */,
				E410629E1F6F285400401EC6 /* p2.c in Sources */,
			);
			runOnlyForDeploymentPostprocessing = 0;
		};
		E41062A11F6F295100401EC6 /* Sources */ = {
			isa = PBXSourcesBuildPhase;
			buildActionMask = 2147483647;
			files = (
				E41062AE1F6F296600401EC6 /* p2.c in Sources */,
				E41062AF1F6F296600401EC6 /* p2.h in Sources */,
			);
			runOnlyForDeploymentPostprocessing = 0;
		};
/* End PBXSourcesBuildPhase section */

/* Begin XCBuildConfiguration section */
		E41062971F6F283400401EC6 /* Debug */ = {
			isa = XCBuildConfiguration;
			buildSettings = {
				ALWAYS_SEARCH_USER_PATHS = NO;
				CLANG_ANALYZER_NONNULL = YES;
				CLANG_ANALYZER_NUMBER_OBJECT_CONVERSION = YES_AGGRESSIVE;
				CLANG_CXX_LANGUAGE_STANDARD = "gnu++0x";
				CLANG_CXX_LIBRARY = "libc++";
				CLANG_ENABLE_MODULES = YES;
				CLANG_ENABLE_OBJC_ARC = YES;
				CLANG_WARN_BOOL_CONVERSION = YES;
				CLANG_WARN_CONSTANT_CONVERSION = YES;
				CLANG_WARN_DIRECT_OBJC_ISA_USAGE = YES_ERROR;
				CLANG_WARN_DOCUMENTATION_COMMENTS = YES;
				CLANG_WARN_EMPTY_BODY = YES;
				CLANG_WARN_ENUM_CONVERSION = YES;
				CLANG_WARN_INFINITE_RECURSION = YES;
				CLANG_WARN_INT_CONVERSION = YES;
				CLANG_WARN_OBJC_ROOT_CLASS = YES_ERROR;
				CLANG_WARN_SUSPICIOUS_MOVE = YES;
				CLANG_WARN_UNREACHABLE_CODE = YES;
				CLANG_WARN__DUPLICATE_METHOD_MATCH = YES;
				CODE_SIGN_IDENTITY = "-";
				COPY_PHASE_STRIP = NO;
				DEBUG_INFORMATION_FORMAT = dwarf;
				ENABLE_STRICT_OBJC_MSGSEND = YES;
				ENABLE_TESTABILITY = YES;
				GCC_C_LANGUAGE_STANDARD = gnu99;
				GCC_DYNAMIC_NO_PIC = NO;
				GCC_NO_COMMON_BLOCKS = YES;
				GCC_OPTIMIZATION_LEVEL = 0;
				GCC_PREPROCESSOR_DEFINITIONS = (
					"DEBUG=1",
					"$(inherited)",
				);
				GCC_WARN_64_TO_32_BIT_CONVERSION = YES;
				GCC_WARN_ABOUT_RETURN_TYPE = YES_ERROR;
				GCC_WARN_UNDECLARED_SELECTOR = YES;
				GCC_WARN_UNINITIALIZED_AUTOS = YES_AGGRESSIVE;
				GCC_WARN_UNUSED_FUNCTION = YES;
				GCC_WARN_UNUSED_VARIABLE = YES;
				MACOSX_DEPLOYMENT_TARGET = 10.12;
				MTL_ENABLE_DEBUG_INFO = YES;
				ONLY_ACTIVE_ARCH = YES;
				SDKROOT = macosx;
			};
			name = Debug;
		};
		E41062981F6F283400401EC6 /* Release */ = {
			isa = XCBuildConfiguration;
			buildSettings = {
				ALWAYS_SEARCH_USER_PATHS = NO;
				CLANG_ANALYZER_NONNULL = YES;
				CLANG_ANALYZER_NUMBER_OBJECT_CONVERSION = YES_AGGRESSIVE;
				CLANG_CXX_LANGUAGE_STANDARD = "gnu++0x";
				CLANG_CXX_LIBRARY = "libc++";
				CLANG_ENABLE_MODULES = YES;
				CLANG_ENABLE_OBJC_ARC = YES;
				CLANG_WARN_BOOL_CONVERSION = YES;
				CLANG_WARN_CONSTANT_CONVERSION = YES;
				CLANG_WARN_DIRECT_OBJC_ISA_USAGE = YES_ERROR;
				CLANG_WARN_DOCUMENTATION_COMMENTS = YES;
				CLANG_WARN_EMPTY_BODY = YES;
				CLANG_WARN_ENUM_CONVERSION = YES;
				CLANG_WARN_INFINITE_RECURSION = YES;
				CLANG_WARN_INT_CONVERSION = YES;
				CLANG_WARN_OBJC_ROOT_CLASS = YES_ERROR;
				CLANG_WARN_SUSPICIOUS_MOVE = YES;
				CLANG_WARN_UNREACHABLE_CODE = YES;
				CLANG_WARN__DUPLICATE_METHOD_MATCH = YES;
				CODE_SIGN_IDENTITY = "-";
				COPY_PHASE_STRIP = NO;
				DEBUG_INFORMATION_FORMAT = "dwarf-with-dsym";
				ENABLE_NS_ASSERTIONS = NO;
				ENABLE_STRICT_OBJC_MSGSEND = YES;
				GCC_C_LANGUAGE_STANDARD = gnu99;
				GCC_NO_COMMON_BLOCKS = YES;
				GCC_WARN_64_TO_32_BIT_CONVERSION = YES;
				GCC_WARN_ABOUT_RETURN_TYPE = YES_ERROR;
				GCC_WARN_UNDECLARED_SELECTOR = YES;
				GCC_WARN_UNINITIALIZED_AUTOS = YES_AGGRESSIVE;
				GCC_WARN_UNUSED_FUNCTION = YES;
				GCC_WARN_UNUSED_VARIABLE = YES;
				MACOSX_DEPLOYMENT_TARGET = 10.12;
				MTL_ENABLE_DEBUG_INFO = NO;
				SDKROOT = macosx;
			};
			name = Release;
		};
		E410629A1F6F283400401EC6 /* Debug */ = {
			isa = XCBuildConfiguration;
			buildSettings = {
				COMBINE_HIDPI_IMAGES = YES;
				INFOPLIST_FILE = p2/Info.plist;
				INSTALL_PATH = "$(LOCAL_LIBRARY_DIR)/Bundles";
				MACOSX_DEPLOYMENT_TARGET = 10.9;
				PRODUCT_BUNDLE_IDENTIFIER = edu.mit.media.resenv.p2;
				PRODUCT_NAME = "$(TARGET_NAME)";
				SKIP_INSTALL = YES;
				WRAPPER_EXTENSION = bundle;
			};
			name = Debug;
		};
		E410629B1F6F283400401EC6 /* Release */ = {
			isa = XCBuildConfiguration;
			buildSettings = {
				COMBINE_HIDPI_IMAGES = YES;
				INFOPLIST_FILE = p2/Info.plist;
				INSTALL_PATH = "$(LOCAL_LIBRARY_DIR)/Bundles";
				MACOSX_DEPLOYMENT_TARGET = 10.9;
				PRODUCT_BUNDLE_IDENTIFIER = edu.mit.media.resenv.p2;
				PRODUCT_NAME = "$(TARGET_NAME)";
				SKIP_INSTALL = YES;
				WRAPPER_EXTENSION = bundle;
			};
			name = Release;
		};
		E41062AC1F6F295100401EC6 /* Debug */ = {
			isa = XCBuildConfiguration;
			buildSettings = {
				"CODE_SIGN_IDENTITY[sdk=iphoneos*]" = "iPhone Developer";
				ENABLE_BITCODE = NO;
				IPHONEOS_DEPLOYMENT_TARGET = 10.0;
				MACOSX_DEPLOYMENT_TARGET = 10.9;
				OTHER_LDFLAGS = "-ObjC";
				PRODUCT_NAME = "$(TARGET_NAME)";
				SDKROOT = iphoneos;
				SKIP_INSTALL = YES;
			};
			name = Debug;
		};
		E41062AD1F6F295100401EC6 /* Release */ = {
			isa = XCBuildConfiguration;
			buildSettings = {
				"CODE_SIGN_IDENTITY[sdk=iphoneos*]" = "iPhone Developer";
				ENABLE_BITCODE = NO;
				IPHONEOS_DEPLOYMENT_TARGET = 10.0;
				MACOSX_DEPLOYMENT_TARGET = 10.9;
				OTHER_LDFLAGS = "-ObjC";
				PRODUCT_NAME = "$(TARGET_NAME)";
				SDKROOT = iphoneos;
				SKIP_INSTALL = YES;
				VALIDATE_PRODUCT = YES;
			};
			name = Release;
		};
/* End XCBuildConfiguration section */

/* Begin XCConfigurationList section */
		E410628E1F6F283400401EC6 /* Build configuration list for PBXProject "p2" */ = {
			isa = XCConfigurationList;
			buildConfigurations = (
				E41062971F6F283400401EC6 /* Debug */,
				E41062981F6F283400401EC6 /* Release */,
			);
			defaultConfigurationIsVisible = 0;
			defaultConfigurationName = Release;
		};
		E41062991F6F283400401EC6 /* Build configuration list for PBXNativeTarget "p2" */ = {
			isa = XCConfigurationList;
			buildConfigurations = (
				E410629A1F6F283400401EC6 /* Debug */,
				E410629B1F6F283400401EC6 /* Release */,
			);
			defaultConfigurationIsVisible = 0;
		};
		E41062AB1F6F295100401EC6 /* Build configuration list for PBXNativeTarget "p2_iOS" */ = {
			isa = XCConfigurationList;
			buildConfigurations = (
				E41062AC1F6F295100401EC6 /* Debug */,
				E41062AD1F6F295100401EC6 /* Release */,
			);
			defaultConfigurationIsVisible = 0;
		};
/* End XCConfigurationList section */
	};
	rootObject = E410628B1F6F283400401EC6 /* Project object */;
}
